
Microsoft Visual Studio Solution File, Format Version 12.00
# Visual Studio Version 16
VisualStudioVersion = 16.0.31105.61
MinimumVisualStudioVersion = 10.0.40219.1
Project("{FAE04EC0-301F-11D3-BF4B-00C04F79EFBC}") = "EJERCICIOCARRITO", "EJERCICIOCARRITO\EJERCICIOCARRITO.csproj", "{F2F39A0A-1AA0-4BEB-8D2A-6B016964AFCC}"
EndProject
Global
	GlobalSection(SolutionConfigurationPlatforms) = preSolution
		Debug|Any CPU = Debug|Any CPU
		Release|Any CPU = Release|Any CPU
	EndGlobalSection
	GlobalSection(ProjectConfigurationPlatforms) = postSolution
		{F2F39A0A-1AA0-4BEB-8D2A-6B016964AFCC}.Debug|Any CPU.ActiveCfg = Debug|Any CPU
		{F2F39A0A-1AA0-4BEB-8D2A-6B016964AFCC}.Debug|Any CPU.Build.0 = Debug|Any CPU
		{F2F39A0A-1AA0-4BEB-8D2A-6B016964AFCC}.Release|Any CPU.ActiveCfg = Release|Any CPU
		{F2F39A0A-1AA0-4BEB-8D2A-6B016964AFCC}.Release|Any CPU.Build.0 = Release|Any CPU
	EndGlobalSection
	GlobalSection(SolutionProperties) = preSolution
		HideSolutionNode = FALSE
	EndGlobalSection
	GlobalSection(ExtensibilityGlobals) = postSolution
		SolutionGuid = {6569148D-8A0A-40BD-8F48-73FFB436B18D}
	EndGlobalSection
EndGlobal
